
Microsoft Visual Studio Solution File, Format Version 12.00
Project("{FAE04EC0-301F-11D3-BF4B-00C04F79EFBC}") = "Zypher", "Zypher\Zypher.csproj", "{323B7AB5-5EC2-445A-AA8B-789E1D1ECCEF}"
EndProject
Global
	GlobalSection(SolutionConfigurationPlatforms) = preSolution
		Debug|Any CPU = Debug|Any CPU
		Release|Any CPU = Release|Any CPU
	EndGlobalSection
	GlobalSection(ProjectConfigurationPlatforms) = postSolution
		{323B7AB5-5EC2-445A-AA8B-789E1D1ECCEF}.Debug|Any CPU.ActiveCfg = Debug|Any CPU
		{323B7AB5-5EC2-445A-AA8B-789E1D1ECCEF}.Debug|Any CPU.Build.0 = Debug|Any CPU
		{323B7AB5-5EC2-445A-AA8B-789E1D1ECCEF}.Release|Any CPU.ActiveCfg = Release|Any CPU
		{323B7AB5-5EC2-445A-AA8B-789E1D1ECCEF}.Release|Any CPU.Build.0 = Release|Any CPU
	EndGlobalSection
EndGlobal
