Microsoft Visual Studio Solution File, Format Version 12.00
# Visual Studio Version 17
VisualStudioVersion = 17.5.2.0
MinimumVisualStudioVersion = 10.0.40219.1
Project("{FAE04EC0-301F-11D3-BF4B-00C04F79EFBC}") = "Zypher", "Zypher.csproj", "{78A8F5B0-5FCB-04F6-C32B-DC2EFA290635}"
EndProject
Global
	GlobalSection(SolutionConfigurationPlatforms) = preSolution
		Debug|Any CPU = Debug|Any CPU
		Release|Any CPU = Release|Any CPU
	EndGlobalSection
	GlobalSection(ProjectConfigurationPlatforms) = postSolution
		{78A8F5B0-5FCB-04F6-C32B-DC2EFA290635}.Debug|Any CPU.ActiveCfg = Debug|Any CPU
		{78A8F5B0-5FCB-04F6-C32B-DC2EFA290635}.Debug|Any CPU.Build.0 = Debug|Any CPU
		{78A8F5B0-5FCB-04F6-C32B-DC2EFA290635}.Release|Any CPU.ActiveCfg = Release|Any CPU
		{78A8F5B0-5FCB-04F6-C32B-DC2EFA290635}.Release|Any CPU.Build.0 = Release|Any CPU
	EndGlobalSection
	GlobalSection(SolutionProperties) = preSolution
		HideSolutionNode = FALSE
	EndGlobalSection
	GlobalSection(ExtensibilityGlobals) = postSolution
		SolutionGuid = {5AA97AA3-9BB3-4118-9E37-D616D1007757}
	EndGlobalSection
EndGlobal
